{
  "name": "mee-abstractjs",
  "version": "0.1.0",
  "lockfileVersion": 3,
  "requires": true,
  "packages": {
    "": {
      "name": "mee-abstractjs",
      "version": "0.1.0",
      "dependencies": {
        "@biconomy/sdk": "^0.0.19",
        "@rhinestone/module-sdk": "^0.1.31",
        "axios": "^1.7.7",
        "viem": "^2.21.55"
      },
      "devDependencies": {
        "@types/bun": "latest"
      },
      "peerDependencies": {
        "typescript": "^5.0.0"
      }
    },
    "node_modules/@adraffy/ens-normalize": {
      "version": "1.11.0",
      "resolved": "https://registry.npmjs.org/@adraffy/ens-normalize/-/ens-normalize-1.11.0.tgz",
      "integrity": "sha512-/3DDPKHqqIqxUULp8yP4zODUY1i+2xvVWsv8A79xGWdCAG+8sb0hRh0Rk2QyOJUnnbyPUAZYcpBuRe3nS2OIUg==",
      "license": "MIT"
    },
    "node_modules/@biconomy/sdk": {
      "version": "0.0.19",
      "resolved": "https://registry.npmjs.org/@biconomy/sdk/-/sdk-0.0.19.tgz",
      "integrity": "sha512-rcxqfC+18Xy365mzOKb5oB64a8ZD4zC5GFOU1EClfal9gI0eFZRM2K3OKXOjUSjfipK5B5SiGDtsjh3DBlmNzQ==",
      "license": "MIT",
      "dependencies": {
        "@silencelaboratories/walletprovider-sdk": "^0.3.0"
      },
      "peerDependencies": {
        "@rhinestone/module-sdk": "^0.1.28",
        "typescript": "^5",
        "viem": "^2.20.0"
      }
    },
    "node_modules/@noble/curves": {
      "version": "1.7.0",
      "resolved": "https://registry.npmjs.org/@noble/curves/-/curves-1.7.0.tgz",
      "integrity": "sha512-UTMhXK9SeDhFJVrHeUJ5uZlI6ajXg10O6Ddocf9S6GjbSBVZsJo88HzKwXznNfGpMTRDyJkqMjNDPYgf0qFWnw==",
      "license": "MIT",
      "dependencies": {
        "@noble/hashes": "1.6.0"
      },
      "engines": {
        "node": "^14.21.3 || >=16"
      },
      "funding": {
        "url": "https://paulmillr.com/funding/"
      }
    },
    "node_modules/@noble/hashes": {
      "version": "1.6.0",
      "resolved": "https://registry.npmjs.org/@noble/hashes/-/hashes-1.6.0.tgz",
      "integrity": "sha512-YUULf0Uk4/mAA89w+k3+yUYh6NrEvxZa5T6SY3wlMvE2chHkxFUUIDI8/XW1QSC357iA5pSnqt7XEhvFOqmDyQ==",
      "license": "MIT",
      "engines": {
        "node": "^14.21.3 || >=16"
      },
      "funding": {
        "url": "https://paulmillr.com/funding/"
      }
    },
    "node_modules/@rhinestone/module-sdk": {
      "version": "0.1.31",
      "resolved": "https://registry.npmjs.org/@rhinestone/module-sdk/-/module-sdk-0.1.31.tgz",
      "integrity": "sha512-TO6xS68OxsZz1RDJLeqoWKyQYGH0h6TgSN76KmnK/I7GLxbedVJWQmoJVxZ8nD3yxbyu9wM+SwxNVMRD0fta3A==",
      "license": "MIT",
      "dependencies": {
        "solady": "^0.0.235",
        "tslib": "^2.7.0"
      },
      "peerDependencies": {
        "viem": "^2.0.0"
      }
    },
    "node_modules/@scure/base": {
      "version": "1.2.1",
      "resolved": "https://registry.npmjs.org/@scure/base/-/base-1.2.1.tgz",
      "integrity": "sha512-DGmGtC8Tt63J5GfHgfl5CuAXh96VF/LD8K9Hr/Gv0J2lAoRGlPOMpqMpMbCTOoOJMZCk2Xt+DskdDyn6dEFdzQ==",
      "license": "MIT",
      "funding": {
        "url": "https://paulmillr.com/funding/"
      }
    },
    "node_modules/@scure/bip32": {
      "version": "1.6.0",
      "resolved": "https://registry.npmjs.org/@scure/bip32/-/bip32-1.6.0.tgz",
      "integrity": "sha512-82q1QfklrUUdXJzjuRU7iG7D7XiFx5PHYVS0+oeNKhyDLT7WPqs6pBcM2W5ZdwOwKCwoE1Vy1se+DHjcXwCYnA==",
      "license": "MIT",
      "dependencies": {
        "@noble/curves": "~1.7.0",
        "@noble/hashes": "~1.6.0",
        "@scure/base": "~1.2.1"
      },
      "funding": {
        "url": "https://paulmillr.com/funding/"
      }
    },
    "node_modules/@scure/bip39": {
      "version": "1.5.0",
      "resolved": "https://registry.npmjs.org/@scure/bip39/-/bip39-1.5.0.tgz",
      "integrity": "sha512-Dop+ASYhnrwm9+HA/HwXg7j2ZqM6yk2fyLWb5znexjctFY3+E+eU8cIWI0Pql0Qx4hPZCijlGq4OL71g+Uz30A==",
      "license": "MIT",
      "dependencies": {
        "@noble/hashes": "~1.6.0",
        "@scure/base": "~1.2.1"
      },
      "funding": {
        "url": "https://paulmillr.com/funding/"
      }
    },
    "node_modules/@silencelaboratories/walletprovider-sdk": {
      "version": "0.3.0",
      "resolved": "https://registry.npmjs.org/@silencelaboratories/walletprovider-sdk/-/walletprovider-sdk-0.3.0.tgz",
      "integrity": "sha512-5+yS95DwIufP0qOPuk81cXZ8gepcARXwuKRDAtjtf50JVX0MOMy6pR8f/1j5PATPdImzgI8905x3ZBgXfi+FKw==",
      "dependencies": {
        "@noble/curves": "^1.6.0",
        "js-base64": "^3.7.7",
        "viem": "2.21.32"
      }
    },
    "node_modules/@silencelaboratories/walletprovider-sdk/node_modules/@noble/curves": {
      "version": "1.6.0",
      "resolved": "https://registry.npmjs.org/@noble/curves/-/curves-1.6.0.tgz",
      "integrity": "sha512-TlaHRXDehJuRNR9TfZDNQ45mMEd5dwUwmicsafcIX4SsNiqnCHKjE/1alYPd/lDRVhxdhUAlv8uEhMCI5zjIJQ==",
      "license": "MIT",
      "dependencies": {
        "@noble/hashes": "1.5.0"
      },
      "engines": {
        "node": "^14.21.3 || >=16"
      },
      "funding": {
        "url": "https://paulmillr.com/funding/"
      }
    },
    "node_modules/@silencelaboratories/walletprovider-sdk/node_modules/@noble/hashes": {
      "version": "1.5.0",
      "resolved": "https://registry.npmjs.org/@noble/hashes/-/hashes-1.5.0.tgz",
      "integrity": "sha512-1j6kQFb7QRru7eKN3ZDvRcP13rugwdxZqCjbiAVZfIJwgj2A65UmT4TgARXGlXgnRkORLTDTrO19ZErt7+QXgA==",
      "license": "MIT",
      "engines": {
        "node": "^14.21.3 || >=16"
      },
      "funding": {
        "url": "https://paulmillr.com/funding/"
      }
    },
    "node_modules/@silencelaboratories/walletprovider-sdk/node_modules/@scure/base": {
      "version": "1.1.9",
      "resolved": "https://registry.npmjs.org/@scure/base/-/base-1.1.9.tgz",
      "integrity": "sha512-8YKhl8GHiNI/pU2VMaofa2Tor7PJRAjwQLBBuilkJ9L5+13yVbC7JO/wS7piioAvPSwR3JKM1IJ/u4xQzbcXKg==",
      "license": "MIT",
      "funding": {
        "url": "https://paulmillr.com/funding/"
      }
    },
    "node_modules/@silencelaboratories/walletprovider-sdk/node_modules/@scure/bip32": {
      "version": "1.5.0",
      "resolved": "https://registry.npmjs.org/@scure/bip32/-/bip32-1.5.0.tgz",
      "integrity": "sha512-8EnFYkqEQdnkuGBVpCzKxyIwDCBLDVj3oiX0EKUFre/tOjL/Hqba1D6n/8RcmaQy4f95qQFrO2A8Sr6ybh4NRw==",
      "license": "MIT",
      "dependencies": {
        "@noble/curves": "~1.6.0",
        "@noble/hashes": "~1.5.0",
        "@scure/base": "~1.1.7"
      },
      "funding": {
        "url": "https://paulmillr.com/funding/"
      }
    },
    "node_modules/@silencelaboratories/walletprovider-sdk/node_modules/@scure/bip39": {
      "version": "1.4.0",
      "resolved": "https://registry.npmjs.org/@scure/bip39/-/bip39-1.4.0.tgz",
      "integrity": "sha512-BEEm6p8IueV/ZTfQLp/0vhw4NPnT9oWf5+28nvmeUICjP99f4vr2d+qc7AVGDDtwRep6ifR43Yed9ERVmiITzw==",
      "license": "MIT",
      "dependencies": {
        "@noble/hashes": "~1.5.0",
        "@scure/base": "~1.1.8"
      },
      "funding": {
        "url": "https://paulmillr.com/funding/"
      }
    },
    "node_modules/@silencelaboratories/walletprovider-sdk/node_modules/abitype": {
      "version": "1.0.6",
      "resolved": "https://registry.npmjs.org/abitype/-/abitype-1.0.6.tgz",
      "integrity": "sha512-MMSqYh4+C/aVqI2RQaWqbvI4Kxo5cQV40WQ4QFtDnNzCkqChm8MuENhElmynZlO0qUy/ObkEUaXtKqYnx1Kp3A==",
      "license": "MIT",
      "funding": {
        "url": "https://github.com/sponsors/wevm"
      },
      "peerDependencies": {
        "typescript": ">=5.0.4",
        "zod": "^3 >=3.22.0"
      },
      "peerDependenciesMeta": {
        "typescript": {
          "optional": true
        },
        "zod": {
          "optional": true
        }
      }
    },
    "node_modules/@silencelaboratories/walletprovider-sdk/node_modules/viem": {
      "version": "2.21.32",
      "resolved": "https://registry.npmjs.org/viem/-/viem-2.21.32.tgz",
      "integrity": "sha512-2oXt5JNIb683oy7C8wuIJ/SeL3XtHVMEQpy1U2TA6WMnJQ4ScssRvyPwYLcaP6mKlrGXE/cR/V7ncWpvLUVPYQ==",
      "funding": [
        {
          "type": "github",
          "url": "https://github.com/sponsors/wevm"
        }
      ],
      "license": "MIT",
      "dependencies": {
        "@adraffy/ens-normalize": "1.11.0",
        "@noble/curves": "1.6.0",
        "@noble/hashes": "1.5.0",
        "@scure/bip32": "1.5.0",
        "@scure/bip39": "1.4.0",
        "abitype": "1.0.6",
        "isows": "1.0.6",
        "webauthn-p256": "0.0.10",
        "ws": "8.18.0"
      },
      "peerDependencies": {
        "typescript": ">=5.0.4"
      },
      "peerDependenciesMeta": {
        "typescript": {
          "optional": true
        }
      }
    },
    "node_modules/@types/bun": {
      "version": "1.1.14",
      "resolved": "https://registry.npmjs.org/@types/bun/-/bun-1.1.14.tgz",
      "integrity": "sha512-opVYiFGtO2af0dnWBdZWlioLBoxSdDO5qokaazLhq8XQtGZbY4pY3/JxY8Zdf/hEwGubbp7ErZXoN1+h2yesxA==",
      "dev": true,
      "license": "MIT",
      "dependencies": {
        "bun-types": "1.1.37"
      }
    },
    "node_modules/@types/node": {
      "version": "20.12.14",
      "resolved": "https://registry.npmjs.org/@types/node/-/node-20.12.14.tgz",
      "integrity": "sha512-scnD59RpYD91xngrQQLGkE+6UrHUPzeKZWhhjBSa3HSkwjbQc38+q3RoIVEwxQGRw3M+j5hpNAM+lgV3cVormg==",
      "dev": true,
      "license": "MIT",
      "dependencies": {
        "undici-types": "~5.26.4"
      }
    },
    "node_modules/@types/ws": {
      "version": "8.5.13",
      "resolved": "https://registry.npmjs.org/@types/ws/-/ws-8.5.13.tgz",
      "integrity": "sha512-osM/gWBTPKgHV8XkTunnegTRIsvF6owmf5w+JtAfOw472dptdm0dlGv4xCt6GwQRcC2XVOvvRE/0bAoQcL2QkA==",
      "dev": true,
      "license": "MIT",
      "dependencies": {
        "@types/node": "*"
      }
    },
    "node_modules/abitype": {
      "version": "1.0.7",
      "resolved": "https://registry.npmjs.org/abitype/-/abitype-1.0.7.tgz",
      "integrity": "sha512-ZfYYSktDQUwc2eduYu8C4wOs+RDPmnRYMh7zNfzeMtGGgb0U+6tLGjixUic6mXf5xKKCcgT5Qp6cv39tOARVFw==",
      "license": "MIT",
      "funding": {
        "url": "https://github.com/sponsors/wevm"
      },
      "peerDependencies": {
        "typescript": ">=5.0.4",
        "zod": "^3 >=3.22.0"
      },
      "peerDependenciesMeta": {
        "typescript": {
          "optional": true
        },
        "zod": {
          "optional": true
        }
      }
    },
    "node_modules/asynckit": {
      "version": "0.4.0",
      "license": "MIT"
    },
    "node_modules/axios": {
      "version": "1.7.7",
      "license": "MIT",
      "dependencies": {
        "follow-redirects": "^1.15.6",
        "form-data": "^4.0.0",
        "proxy-from-env": "^1.1.0"
      }
    },
    "node_modules/bun-types": {
      "version": "1.1.37",
      "resolved": "https://registry.npmjs.org/bun-types/-/bun-types-1.1.37.tgz",
      "integrity": "sha512-C65lv6eBr3LPJWFZ2gswyrGZ82ljnH8flVE03xeXxKhi2ZGtFiO4isRKTKnitbSqtRAcaqYSR6djt1whI66AbA==",
      "dev": true,
      "license": "MIT",
      "dependencies": {
        "@types/node": "~20.12.8",
        "@types/ws": "~8.5.10"
      }
    },
    "node_modules/combined-stream": {
      "version": "1.0.8",
      "license": "MIT",
      "dependencies": {
        "delayed-stream": "~1.0.0"
      },
      "engines": {
        "node": ">= 0.8"
      }
    },
    "node_modules/delayed-stream": {
      "version": "1.0.0",
      "license": "MIT",
      "engines": {
        "node": ">=0.4.0"
      }
    },
    "node_modules/eventemitter3": {
      "version": "5.0.1",
      "resolved": "https://registry.npmjs.org/eventemitter3/-/eventemitter3-5.0.1.tgz",
      "integrity": "sha512-GWkBvjiSZK87ELrYOSESUYeVIc9mvLLf/nXalMOS5dYrgZq9o5OVkbZAVM06CVxYsCwH9BDZFPlQTlPA1j4ahA==",
      "license": "MIT"
    },
    "node_modules/follow-redirects": {
      "version": "1.15.9",
      "funding": [
        {
          "type": "individual",
          "url": "https://github.com/sponsors/RubenVerborgh"
        }
      ],
      "license": "MIT",
      "engines": {
        "node": ">=4.0"
      },
      "peerDependenciesMeta": {
        "debug": {
          "optional": true
        }
      }
    },
    "node_modules/form-data": {
      "version": "4.0.0",
      "license": "MIT",
      "dependencies": {
        "asynckit": "^0.4.0",
        "combined-stream": "^1.0.8",
        "mime-types": "^2.1.12"
      },
      "engines": {
        "node": ">= 6"
      }
    },
    "node_modules/isows": {
      "version": "1.0.6",
      "resolved": "https://registry.npmjs.org/isows/-/isows-1.0.6.tgz",
      "integrity": "sha512-lPHCayd40oW98/I0uvgaHKWCSvkzY27LjWLbtzOm64yQ+G3Q5npjjbdppU65iZXkK1Zt+kH9pfegli0AYfwYYw==",
      "funding": [
        {
          "type": "github",
          "url": "https://github.com/sponsors/wevm"
        }
      ],
      "license": "MIT",
      "peerDependencies": {
        "ws": "*"
      }
    },
    "node_modules/js-base64": {
      "version": "3.7.7",
      "resolved": "https://registry.npmjs.org/js-base64/-/js-base64-3.7.7.tgz",
      "integrity": "sha512-7rCnleh0z2CkXhH67J8K1Ytz0b2Y+yxTPL+/KOJoa20hfnVQ/3/T6W/KflYI4bRHRagNeXeU2bkNGI3v1oS/lw==",
      "license": "BSD-3-Clause"
    },
    "node_modules/mime-db": {
      "version": "1.52.0",
      "license": "MIT",
      "engines": {
        "node": ">= 0.6"
      }
    },
    "node_modules/mime-types": {
      "version": "2.1.35",
      "license": "MIT",
      "dependencies": {
        "mime-db": "1.52.0"
      },
      "engines": {
        "node": ">= 0.6"
      }
    },
    "node_modules/ox": {
      "version": "0.1.2",
      "resolved": "https://registry.npmjs.org/ox/-/ox-0.1.2.tgz",
      "integrity": "sha512-ak/8K0Rtphg9vnRJlbOdaX9R7cmxD2MiSthjWGaQdMk3D7hrAlDoM+6Lxn7hN52Za3vrXfZ7enfke/5WjolDww==",
      "funding": [
        {
          "type": "github",
          "url": "https://github.com/sponsors/wevm"
        }
      ],
      "license": "MIT",
      "dependencies": {
        "@adraffy/ens-normalize": "^1.10.1",
        "@noble/curves": "^1.6.0",
        "@noble/hashes": "^1.5.0",
        "@scure/bip32": "^1.5.0",
        "@scure/bip39": "^1.4.0",
        "abitype": "^1.0.6",
        "eventemitter3": "5.0.1"
      },
      "peerDependencies": {
        "typescript": ">=5.4.0"
      },
      "peerDependenciesMeta": {
        "typescript": {
          "optional": true
        }
      }
    },
    "node_modules/proxy-from-env": {
      "version": "1.1.0",
      "license": "MIT"
    },
    "node_modules/solady": {
      "version": "0.0.235",
      "resolved": "https://registry.npmjs.org/solady/-/solady-0.0.235.tgz",
      "integrity": "sha512-JUEXLDG7ag3HmqUnrDG7ilhafH6R9bFPpwV63O2kH4UbnS2+gRGEOqqy4k01O7tHjo3MWkDD0cpG+UY9pjy/fQ==",
      "license": "MIT"
    },
    "node_modules/tslib": {
      "version": "2.8.1",
      "resolved": "https://registry.npmjs.org/tslib/-/tslib-2.8.1.tgz",
      "integrity": "sha512-oJFu94HQb+KVduSUQL7wnpmqnfmLsOA/nAh6b6EH0wCEoK0/mPeXU6c3wKDV83MkOuHPRHtSXKKU99IBazS/2w==",
      "license": "0BSD"
    },
    "node_modules/typescript": {
      "version": "5.6.2",
      "license": "Apache-2.0",
      "peer": true,
      "bin": {
        "tsc": "bin/tsc",
        "tsserver": "bin/tsserver"
      },
      "engines": {
        "node": ">=14.17"
      }
    },
    "node_modules/undici-types": {
      "version": "5.26.5",
      "resolved": "https://registry.npmjs.org/undici-types/-/undici-types-5.26.5.tgz",
      "integrity": "sha512-JlCMO+ehdEIKqlFxk6IfVoAUVmgz7cU7zD/h9XZ0qzeosSHmUJVOzSQvvYSYWXkFXC+IfLKSIffhv0sVZup6pA==",
      "dev": true,
      "license": "MIT"
    },
    "node_modules/viem": {
      "version": "2.21.55",
      "resolved": "https://registry.npmjs.org/viem/-/viem-2.21.55.tgz",
      "integrity": "sha512-PgXew7C11cAuEtOSgRyQx2kJxEOPUwIwZA9dMglRByqJuFVA7wSGZZOOo/93iylAA8E15bEdqy9xulU3oKZ70Q==",
      "funding": [
        {
          "type": "github",
          "url": "https://github.com/sponsors/wevm"
        }
      ],
      "license": "MIT",
      "dependencies": {
        "@noble/curves": "1.7.0",
        "@noble/hashes": "1.6.1",
        "@scure/bip32": "1.6.0",
        "@scure/bip39": "1.5.0",
        "abitype": "1.0.7",
        "isows": "1.0.6",
        "ox": "0.1.2",
        "webauthn-p256": "0.0.10",
        "ws": "8.18.0"
      },
      "peerDependencies": {
        "typescript": ">=5.0.4"
      },
      "peerDependenciesMeta": {
        "typescript": {
          "optional": true
        }
      }
    },
    "node_modules/viem/node_modules/@noble/hashes": {
      "version": "1.6.1",
      "resolved": "https://registry.npmjs.org/@noble/hashes/-/hashes-1.6.1.tgz",
      "integrity": "sha512-pq5D8h10hHBjyqX+cfBm0i8JUXJ0UhczFc4r74zbuT9XgewFo2E3J1cOaGtdZynILNmQ685YWGzGE1Zv6io50w==",
      "license": "MIT",
      "engines": {
        "node": "^14.21.3 || >=16"
      },
      "funding": {
        "url": "https://paulmillr.com/funding/"
      }
    },
    "node_modules/webauthn-p256": {
      "version": "0.0.10",
      "resolved": "https://registry.npmjs.org/webauthn-p256/-/webauthn-p256-0.0.10.tgz",
      "integrity": "sha512-EeYD+gmIT80YkSIDb2iWq0lq2zbHo1CxHlQTeJ+KkCILWpVy3zASH3ByD4bopzfk0uCwXxLqKGLqp2W4O28VFA==",
      "funding": [
        {
          "type": "github",
          "url": "https://github.com/sponsors/wevm"
        }
      ],
      "license": "MIT",
      "dependencies": {
        "@noble/curves": "^1.4.0",
        "@noble/hashes": "^1.4.0"
      }
    },
    "node_modules/ws": {
      "version": "8.18.0",
      "resolved": "https://registry.npmjs.org/ws/-/ws-8.18.0.tgz",
      "integrity": "sha512-8VbfWfHLbbwu3+N6OKsOMpBdT4kXPDDB9cJk2bJ6mh9ucxdlnNvH1e+roYkKmN9Nxw2yjz7VzeO9oOz2zJ04Pw==",
      "license": "MIT",
      "engines": {
        "node": ">=10.0.0"
      },
      "peerDependencies": {
        "bufferutil": "^4.0.1",
        "utf-8-validate": ">=5.0.2"
      },
      "peerDependenciesMeta": {
        "bufferutil": {
          "optional": true
        },
        "utf-8-validate": {
          "optional": true
        }
      }
    }
  }
}
